
Microsoft Visual Studio Solution File, Format Version 12.00
# Visual Studio Version 17
VisualStudioVersion = 17.2.32630.192
MinimumVisualStudioVersion = 10.0.40219.1
Project("{9A19103F-16F7-4668-BE54-9A1E7A4F7556}") = "BaumalogTower", "BaumalogTower.csproj", "{2A8547A0-76E2-4FB7-813D-4EB4A0BFD531}"
EndProject
Project("{9A19103F-16F7-4668-BE54-9A1E7A4F7556}") = "BTPCLMenu", "..\BTPCLMenu\BTPCLMenu.csproj", "{A519C58E-7B59-49AC-826D-62D70994ECD6}"
EndProject
Project("{9A19103F-16F7-4668-BE54-9A1E7A4F7556}") = "BTPControlLibrary", "..\BTPControlLibrary\BTPControlLibrary.csproj", "{0A500105-0E02-4E70-AB05-FCE602392AD6}"
EndProject
Project("{9A19103F-16F7-4668-BE54-9A1E7A4F7556}") = "BTPTwinCatADS", "..\BTPTwinCatADS\BTPTwinCatADS.csproj", "{6D1B973C-5518-4E7C-988B-40B8BF172204}"
EndProject
Project("{9A19103F-16F7-4668-BE54-9A1E7A4F7556}") = "BTPLogs", "..\BTPLogs\BTPLogs.csproj", "{C7EC6774-4BDD-4D8D-9B5E-BB7BACC0713E}"
EndProject
Project("{9A19103F-16F7-4668-BE54-9A1E7A4F7556}") = "BTPConfig", "..\BTPConfig\BTPConfig.csproj", "{3162DD64-7900-44EA-BC43-79A032C46668}"
EndProject
Project("{9A19103F-16F7-4668-BE54-9A1E7A4F7556}") = "BTPUtilities", "..\BTPUtilities\BTPUtilities.csproj", "{0141ED34-BB77-4E63-9B90-89710FB97041}"
EndProject
Project("{9A19103F-16F7-4668-BE54-9A1E7A4F7556}") = "BTPDataBase", "..\BTPDataBase\BTPDataBase.csproj", "{4ABBC7C1-680E-4335-BD79-083AAE6A710C}"
EndProject
Project("{9A19103F-16F7-4668-BE54-9A1E7A4F7556}") = "BTPTranslation", "..\BTPTranslation\BTPTranslation.csproj", "{919100E1-4230-4E15-ABAC-9378422AB439}"
EndProject
Project("{9A19103F-16F7-4668-BE54-9A1E7A4F7556}") = "BTPCLInput", "..\BTPCLInput\BTPCLInput.csproj", "{257B4277-E9ED-4721-8EEE-169457109A10}"
EndProject
Project("{9A19103F-16F7-4668-BE54-9A1E7A4F7556}") = "BTPLogin", "..\BTPLogin\BTPLogin.csproj", "{7D89DFA4-706A-424A-935A-D47E2DDDDBF8}"
EndProject
Project("{9A19103F-16F7-4668-BE54-9A1E7A4F7556}") = "BTPDataImportExport", "..\BTPDataImportExport\BTPDataImportExport.csproj", "{2DE3B951-4C07-41AA-B727-AC74E28A722C}"
EndProject
Project("{9A19103F-16F7-4668-BE54-9A1E7A4F7556}") = "BTPCLAdministrator", "..\BTPCLAdministrator\BTPCLAdministrator.csproj", "{EFE1F7A7-8A94-4091-8D3B-31059E799137}"
EndProject
Project("{9A19103F-16F7-4668-BE54-9A1E7A4F7556}") = "ArticlesControl", "..\ArticlesControl\ArticlesControl.csproj", "{C953FD91-8653-454E-AC14-FEE4F70D176B}"
EndProject
Project("{9A19103F-16F7-4668-BE54-9A1E7A4F7556}") = "DataGridControl", "..\DataGridControl\DataGridControl.csproj", "{D32B4B7E-F20B-4964-AB0C-E67E452F26A4}"
EndProject
Project("{9A19103F-16F7-4668-BE54-9A1E7A4F7556}") = "BTPCLMain", "..\BTPCLMain\BTPCLMain.csproj", "{368D5590-1291-4BEE-9091-D3F70E3625E2}"
EndProject
Project("{9A19103F-16F7-4668-BE54-9A1E7A4F7556}") = "BTPCLTransport", "..\BTPCLTransport\BTPCLTransport.csproj", "{614A1285-256A-4DFD-8B0B-B74857DC55C4}"
EndProject
Project("{9A19103F-16F7-4668-BE54-9A1E7A4F7556}") = "BTPCLService", "..\BTPCLService\BTPCLService.csproj", "{07EDF20D-CEAD-4976-A32C-1830C3259FFB}"
EndProject
Project("{FAE04EC0-301F-11D3-BF4B-00C04F79EFBC}") = "BTPCLPopup", "..\BTPCLPopup\BTPCLPopup.csproj", "{1B9EFD6A-A193-49DB-9E61-039E914011F7}"
EndProject
Global
	GlobalSection(SolutionConfigurationPlatforms) = preSolution
		Debug|Any CPU = Debug|Any CPU
		Release|Any CPU = Release|Any CPU
	EndGlobalSection
	GlobalSection(ProjectConfigurationPlatforms) = postSolution
		{2A8547A0-76E2-4FB7-813D-4EB4A0BFD531}.Debug|Any CPU.ActiveCfg = Debug|Any CPU
		{2A8547A0-76E2-4FB7-813D-4EB4A0BFD531}.Debug|Any CPU.Build.0 = Debug|Any CPU
		{2A8547A0-76E2-4FB7-813D-4EB4A0BFD531}.Release|Any CPU.ActiveCfg = Release|Any CPU
		{2A8547A0-76E2-4FB7-813D-4EB4A0BFD531}.Release|Any CPU.Build.0 = Release|Any CPU
		{A519C58E-7B59-49AC-826D-62D70994ECD6}.Debug|Any CPU.ActiveCfg = Debug|Any CPU
		{A519C58E-7B59-49AC-826D-62D70994ECD6}.Debug|Any CPU.Build.0 = Debug|Any CPU
		{A519C58E-7B59-49AC-826D-62D70994ECD6}.Release|Any CPU.ActiveCfg = Release|Any CPU
		{A519C58E-7B59-49AC-826D-62D70994ECD6}.Release|Any CPU.Build.0 = Release|Any CPU
		{0A500105-0E02-4E70-AB05-FCE602392AD6}.Debug|Any CPU.ActiveCfg = Debug|Any CPU
		{0A500105-0E02-4E70-AB05-FCE602392AD6}.Debug|Any CPU.Build.0 = Debug|Any CPU
		{0A500105-0E02-4E70-AB05-FCE602392AD6}.Release|Any CPU.ActiveCfg = Release|Any CPU
		{0A500105-0E02-4E70-AB05-FCE602392AD6}.Release|Any CPU.Build.0 = Release|Any CPU
		{6D1B973C-5518-4E7C-988B-40B8BF172204}.Debug|Any CPU.ActiveCfg = Debug|Any CPU
		{6D1B973C-5518-4E7C-988B-40B8BF172204}.Debug|Any CPU.Build.0 = Debug|Any CPU
		{6D1B973C-5518-4E7C-988B-40B8BF172204}.Release|Any CPU.ActiveCfg = Release|Any CPU
		{6D1B973C-5518-4E7C-988B-40B8BF172204}.Release|Any CPU.Build.0 = Release|Any CPU
		{C7EC6774-4BDD-4D8D-9B5E-BB7BACC0713E}.Debug|Any CPU.ActiveCfg = Debug|Any CPU
		{C7EC6774-4BDD-4D8D-9B5E-BB7BACC0713E}.Debug|Any CPU.Build.0 = Debug|Any CPU
		{C7EC6774-4BDD-4D8D-9B5E-BB7BACC0713E}.Release|Any CPU.ActiveCfg = Release|Any CPU
		{C7EC6774-4BDD-4D8D-9B5E-BB7BACC0713E}.Release|Any CPU.Build.0 = Release|Any CPU
		{3162DD64-7900-44EA-BC43-79A032C46668}.Debug|Any CPU.ActiveCfg = Debug|Any CPU
		{3162DD64-7900-44EA-BC43-79A032C46668}.Debug|Any CPU.Build.0 = Debug|Any CPU
		{3162DD64-7900-44EA-BC43-79A032C46668}.Release|Any CPU.ActiveCfg = Release|Any CPU
		{3162DD64-7900-44EA-BC43-79A032C46668}.Release|Any CPU.Build.0 = Release|Any CPU
		{0141ED34-BB77-4E63-9B90-89710FB97041}.Debug|Any CPU.ActiveCfg = Debug|Any CPU
		{0141ED34-BB77-4E63-9B90-89710FB97041}.Debug|Any CPU.Build.0 = Debug|Any CPU
		{0141ED34-BB77-4E63-9B90-89710FB97041}.Release|Any CPU.ActiveCfg = Release|Any CPU
		{0141ED34-BB77-4E63-9B90-89710FB97041}.Release|Any CPU.Build.0 = Release|Any CPU
		{4ABBC7C1-680E-4335-BD79-083AAE6A710C}.Debug|Any CPU.ActiveCfg = Debug|Any CPU
		{4ABBC7C1-680E-4335-BD79-083AAE6A710C}.Debug|Any CPU.Build.0 = Debug|Any CPU
		{4ABBC7C1-680E-4335-BD79-083AAE6A710C}.Release|Any CPU.ActiveCfg = Release|Any CPU
		{4ABBC7C1-680E-4335-BD79-083AAE6A710C}.Release|Any CPU.Build.0 = Release|Any CPU
		{919100E1-4230-4E15-ABAC-9378422AB439}.Debug|Any CPU.ActiveCfg = Debug|Any CPU
		{919100E1-4230-4E15-ABAC-9378422AB439}.Debug|Any CPU.Build.0 = Debug|Any CPU
		{919100E1-4230-4E15-ABAC-9378422AB439}.Release|Any CPU.ActiveCfg = Release|Any CPU
		{919100E1-4230-4E15-ABAC-9378422AB439}.Release|Any CPU.Build.0 = Release|Any CPU
		{257B4277-E9ED-4721-8EEE-169457109A10}.Debug|Any CPU.ActiveCfg = Debug|Any CPU
		{257B4277-E9ED-4721-8EEE-169457109A10}.Debug|Any CPU.Build.0 = Debug|Any CPU
		{257B4277-E9ED-4721-8EEE-169457109A10}.Release|Any CPU.ActiveCfg = Release|Any CPU
		{257B4277-E9ED-4721-8EEE-169457109A10}.Release|Any CPU.Build.0 = Release|Any CPU
		{7D89DFA4-706A-424A-935A-D47E2DDDDBF8}.Debug|Any CPU.ActiveCfg = Debug|Any CPU
		{7D89DFA4-706A-424A-935A-D47E2DDDDBF8}.Debug|Any CPU.Build.0 = Debug|Any CPU
		{7D89DFA4-706A-424A-935A-D47E2DDDDBF8}.Release|Any CPU.ActiveCfg = Release|Any CPU
		{7D89DFA4-706A-424A-935A-D47E2DDDDBF8}.Release|Any CPU.Build.0 = Release|Any CPU
		{2DE3B951-4C07-41AA-B727-AC74E28A722C}.Debug|Any CPU.ActiveCfg = Debug|Any CPU
		{2DE3B951-4C07-41AA-B727-AC74E28A722C}.Debug|Any CPU.Build.0 = Debug|Any CPU
		{2DE3B951-4C07-41AA-B727-AC74E28A722C}.Release|Any CPU.ActiveCfg = Release|Any CPU
		{2DE3B951-4C07-41AA-B727-AC74E28A722C}.Release|Any CPU.Build.0 = Release|Any CPU
		{EFE1F7A7-8A94-4091-8D3B-31059E799137}.Debug|Any CPU.ActiveCfg = Debug|Any CPU
		{EFE1F7A7-8A94-4091-8D3B-31059E799137}.Debug|Any CPU.Build.0 = Debug|Any CPU
		{EFE1F7A7-8A94-4091-8D3B-31059E799137}.Release|Any CPU.ActiveCfg = Release|Any CPU
		{EFE1F7A7-8A94-4091-8D3B-31059E799137}.Release|Any CPU.Build.0 = Release|Any CPU
		{C953FD91-8653-454E-AC14-FEE4F70D176B}.Debug|Any CPU.ActiveCfg = Debug|Any CPU
		{C953FD91-8653-454E-AC14-FEE4F70D176B}.Debug|Any CPU.Build.0 = Debug|Any CPU
		{C953FD91-8653-454E-AC14-FEE4F70D176B}.Release|Any CPU.ActiveCfg = Release|Any CPU
		{C953FD91-8653-454E-AC14-FEE4F70D176B}.Release|Any CPU.Build.0 = Release|Any CPU
		{D32B4B7E-F20B-4964-AB0C-E67E452F26A4}.Debug|Any CPU.ActiveCfg = Debug|Any CPU
		{D32B4B7E-F20B-4964-AB0C-E67E452F26A4}.Debug|Any CPU.Build.0 = Debug|Any CPU
		{D32B4B7E-F20B-4964-AB0C-E67E452F26A4}.Release|Any CPU.ActiveCfg = Release|Any CPU
		{D32B4B7E-F20B-4964-AB0C-E67E452F26A4}.Release|Any CPU.Build.0 = Release|Any CPU
		{368D5590-1291-4BEE-9091-D3F70E3625E2}.Debug|Any CPU.ActiveCfg = Debug|Any CPU
		{368D5590-1291-4BEE-9091-D3F70E3625E2}.Debug|Any CPU.Build.0 = Debug|Any CPU
		{368D5590-1291-4BEE-9091-D3F70E3625E2}.Release|Any CPU.ActiveCfg = Release|Any CPU
		{368D5590-1291-4BEE-9091-D3F70E3625E2}.Release|Any CPU.Build.0 = Release|Any CPU
		{614A1285-256A-4DFD-8B0B-B74857DC55C4}.Debug|Any CPU.ActiveCfg = Debug|Any CPU
		{614A1285-256A-4DFD-8B0B-B74857DC55C4}.Debug|Any CPU.Build.0 = Debug|Any CPU
		{614A1285-256A-4DFD-8B0B-B74857DC55C4}.Release|Any CPU.ActiveCfg = Release|Any CPU
		{614A1285-256A-4DFD-8B0B-B74857DC55C4}.Release|Any CPU.Build.0 = Release|Any CPU
		{07EDF20D-CEAD-4976-A32C-1830C3259FFB}.Debug|Any CPU.ActiveCfg = Debug|Any CPU
		{07EDF20D-CEAD-4976-A32C-1830C3259FFB}.Debug|Any CPU.Build.0 = Debug|Any CPU
		{07EDF20D-CEAD-4976-A32C-1830C3259FFB}.Release|Any CPU.ActiveCfg = Release|Any CPU
		{07EDF20D-CEAD-4976-A32C-1830C3259FFB}.Release|Any CPU.Build.0 = Release|Any CPU
		{1B9EFD6A-A193-49DB-9E61-039E914011F7}.Debug|Any CPU.ActiveCfg = Debug|Any CPU
		{1B9EFD6A-A193-49DB-9E61-039E914011F7}.Debug|Any CPU.Build.0 = Debug|Any CPU
		{1B9EFD6A-A193-49DB-9E61-039E914011F7}.Release|Any CPU.ActiveCfg = Release|Any CPU
		{1B9EFD6A-A193-49DB-9E61-039E914011F7}.Release|Any CPU.Build.0 = Release|Any CPU
	EndGlobalSection
	GlobalSection(SolutionProperties) = preSolution
		HideSolutionNode = FALSE
	EndGlobalSection
	GlobalSection(ExtensibilityGlobals) = postSolution
		SolutionGuid = {A09824CA-A822-4E8E-BD2C-6D767889FCCC}
	EndGlobalSection
EndGlobal
